
Microsoft Visual Studio Solution File, Format Version 11.00
# Visual Studio 2010
# SharpDevelop 5.1
Project("{FAE04EC0-301F-11D3-BF4B-00C04F79EFBC}") = "Queue", "Queue\Queue.csproj", "{B354E64C-6C6A-46CC-B2B5-27944E7B0C98}"
EndProject
Global
	GlobalSection(SolutionConfigurationPlatforms) = preSolution
		Debug|Any CPU = Debug|Any CPU
		Release|Any CPU = Release|Any CPU
	EndGlobalSection
	GlobalSection(ProjectConfigurationPlatforms) = postSolution
		{B354E64C-6C6A-46CC-B2B5-27944E7B0C98}.Debug|Any CPU.ActiveCfg = Debug|Any CPU
		{B354E64C-6C6A-46CC-B2B5-27944E7B0C98}.Debug|Any CPU.Build.0 = Debug|Any CPU
		{B354E64C-6C6A-46CC-B2B5-27944E7B0C98}.Release|Any CPU.ActiveCfg = Release|Any CPU
		{B354E64C-6C6A-46CC-B2B5-27944E7B0C98}.Release|Any CPU.Build.0 = Release|Any CPU
	EndGlobalSection
EndGlobal
